github.com/AgustinSRG/go-simple-rpc-message v1.0.1 h1:hCOdscFz+SfLM3C6UI8CqssE/czIMJfU0HL4Um3Krhs=
github.com/AgustinSRG/go-simple-rpc-message v1.0.1/go.mod h1:AXNiixxVqEZRfWPX+d0lPEcX4U8+HjTsYeZIzZOcVAY=
github.com/AgustinSRG/go-tls-certificate-loader v1.0.0 h1:nX2D/vdd+BzC6fjUKCIPVrsx04cBmeLs+W4+QOQF5A0=
github.com/AgustinSRG/go-tls-certificate-loader v1.0.0/go.mod h1:7w2gdPbY/+wVg8AbureQVBcvOJSZVcYYtYJXoBVWDcU=
github.com/golang-jwt/jwt/v5 v5.2.1 h1:OuVbFODueb089Lh128TAcimifWaLhJwVflnrgM17wHk=
github.com/golang-jwt/jwt/v5 v5.2.1/go.mod h1:pqrtFR0X4osieyHYxtmOUWsAWrfe1Q5UVIyoH402zdk=
github.com/gorilla/websocket v1.5.3 h1:saDtZ6Pbx/0u+bgYQ3q96pZgCzfhKXGPqt7kZ72aNNg=
github.com/gorilla/websocket v1.5.3/go.mod h1:YR8l580nyteQvAITg2hZ9XVh4b55+EU/adAjf1fMHhE=
github.com/joho/godotenv v1.5.1 h1:7eLL/+HRGLY0ldzfGMeQkb7vMd0as4CfYvUVzLqw0N0=
github.com/joho/godotenv v1.5.1/go.mod h1:f4LDr5Voq0i2e/R5DDNOoa2zzDfwtkZa6DnEwAbqwq4=
