github.com/AgustinSRG/go-simple-rpc-message v1.0.0 h1:mTZdrtoRfrCqLnscCx2bTMigTTuot/OKPIXT7RvtDMw=
github.com/AgustinSRG/go-simple-rpc-message v1.0.0/go.mod h1:AXNiixxVqEZRfWPX+d0lPEcX4U8+HjTsYeZIzZOcVAY=
github.com/apparentlymart/go-cidr v1.1.0 h1:2mAhrMoF+nhXqxTzSZMUzDHkLjmIHC+Zzn4tdgBZjnU=
github.com/apparentlymart/go-cidr v1.1.0/go.mod h1:EBcsNrHc3zQeuaeCeCtQruQm+n9/YjEn/vI25Lg7Gwc=
github.com/davecgh/go-spew v1.1.1 h1:vj9j/u1bqnvCEfJOwUhtlOARqs3+rkHYY13jYWTU97c=
github.com/golang-jwt/jwt v3.2.2+incompatible h1:IfV12K8xAKAnZqdXVzCZ+TOjboZ2keLg81eXfW3O+oY=
github.com/golang-jwt/jwt v3.2.2+incompatible/go.mod h1:8pz2t5EyA70fFQQSrl6XZXzqecmYZeUEB8OUGHkxJ+I=
github.com/gorilla/websocket v1.5.0 h1:PPwGk2jz7EePpoHN/+ClbZu8SPxiqlu12wZP/3sWmnc=
github.com/gorilla/websocket v1.5.0/go.mod h1:YR8l580nyteQvAITg2hZ9XVh4b55+EU/adAjf1fMHhE=
github.com/joho/godotenv v1.5.1 h1:7eLL/+HRGLY0ldzfGMeQkb7vMd0as4CfYvUVzLqw0N0=
github.com/joho/godotenv v1.5.1/go.mod h1:f4LDr5Voq0i2e/R5DDNOoa2zzDfwtkZa6DnEwAbqwq4=
github.com/netdata/go.d.plugin v0.50.0 h1:GFyDyHYYUPh7lcfIQnd3PT9hPuJnMCfqunD6PTywYuE=
github.com/netdata/go.d.plugin v0.50.0/go.mod h1:qPbbW9Vj1txIF1bB6gcOn36LwHM4+UAOfd6FwbpD8wY=
github.com/pmezard/go-difflib v1.0.0 h1:4DBwDE0NGyQoBHbLQYPwSUPoCMWR5BEzIk/f1lZbAQM=
github.com/stretchr/testify v1.8.1 h1:w7B6lhMri9wdJUVmEZPGGhZzrYTPvgJArz7wNPgYKsk=
gopkg.in/yaml.v3 v3.0.1 h1:fxVm/GzAzEWqLHuvctI91KS9hhNmmWOoWu0XTYJS7CA=
