github.com/AgustinSRG/go-child-process-manager v1.0.0 h1:FEdcVXQcB96xOuQkdBHwbwLsEoHn6QGtG6WY9spde7c=
github.com/AgustinSRG/go-child-process-manager v1.0.0/go.mod h1:JgXUSAhyOo1awWbBKGVJ4fU9a5Q6JBo4eR+sXqmYC1w=
github.com/AgustinSRG/go-simple-rpc-message v1.0.0 h1:mTZdrtoRfrCqLnscCx2bTMigTTuot/OKPIXT7RvtDMw=
github.com/AgustinSRG/go-simple-rpc-message v1.0.0/go.mod h1:AXNiixxVqEZRfWPX+d0lPEcX4U8+HjTsYeZIzZOcVAY=
github.com/golang-jwt/jwt v3.2.2+incompatible h1:IfV12K8xAKAnZqdXVzCZ+TOjboZ2keLg81eXfW3O+oY=
github.com/golang-jwt/jwt v3.2.2+incompatible/go.mod h1:8pz2t5EyA70fFQQSrl6XZXzqecmYZeUEB8OUGHkxJ+I=
github.com/gorilla/websocket v1.5.0 h1:PPwGk2jz7EePpoHN/+ClbZu8SPxiqlu12wZP/3sWmnc=
github.com/gorilla/websocket v1.5.0/go.mod h1:YR8l580nyteQvAITg2hZ9XVh4b55+EU/adAjf1fMHhE=
github.com/joho/godotenv v1.5.1 h1:7eLL/+HRGLY0ldzfGMeQkb7vMd0as4CfYvUVzLqw0N0=
github.com/joho/godotenv v1.5.1/go.mod h1:f4LDr5Voq0i2e/R5DDNOoa2zzDfwtkZa6DnEwAbqwq4=
golang.org/x/sys v0.5.0 h1:MUK/U/4lj1t1oPg0HfuXDN/Z1wv31ZJ/YcPiGccS4DU=
golang.org/x/sys v0.5.0/go.mod h1:oPkhp1MJrh7nUepCBck5+mAzfO9JrbApNNgaTdGDITg=
gopkg.in/vansante/go-ffprobe.v2 v2.1.1 h1:DIh5fMn+tlBvG7pXyUZdemVmLdERnf2xX6XOFF+0BBU=
gopkg.in/vansante/go-ffprobe.v2 v2.1.1/go.mod h1:qF0AlAjk7Nqzqf3y333Ly+KxN3cKF2JqA3JT5ZheUGE=
